// !$*UTF8*$!
{
	archiveVersion = 1;
	classes = {
	};
	objectVersion = 46;
	objects = {

/* Begin PBXBuildFile section */
		491FE7C31C21D6CD004F8139 /* AppDelegate.swift in Sources */ = {isa = PBXBuildFile; fileRef = 491FE7C21C21D6CD004F8139 /* AppDelegate.swift */; };
		491FE7C51C21D6CD004F8139 /* ViewController.swift in Sources */ = {isa = PBXBuildFile; fileRef = 491FE7C41C21D6CD004F8139 /* ViewController.swift */; };
		491FE7C81C21D6CD004F8139 /* Main.storyboard in Resources */ = {isa = PBXBuildFile; fileRef = 491FE7C61C21D6CD004F8139 /* Main.storyboard */; };
		491FE7CA1C21D6CD004F8139 /* Assets.xcassets in Resources */ = {isa = PBXBuildFile; fileRef = 491FE7C91C21D6CD004F8139 /* Assets.xcassets */; };
		491FE7CD1C21D6CD004F8139 /* LaunchScreen.storyboard in Resources */ = {isa = PBXBuildFile; fileRef = 491FE7CB1C21D6CD004F8139 /* LaunchScreen.storyboard */; };
		491FE7D51C21D83A004F8139 /* starwars.csv in Resources */ = {isa = PBXBuildFile; fileRef = 491FE7D41C21D83A004F8139 /* starwars.csv */; };
		491FE7D81C21D93A004F8139 /* StarwarsCharacter.swift in Sources */ = {isa = PBXBuildFile; fileRef = 491FE7D71C21D93A004F8139 /* StarwarsCharacter.swift */; };
		491FE7DB1C21E905004F8139 /* SWCharCell.swift in Sources */ = {isa = PBXBuildFile; fileRef = 491FE7DA1C21E905004F8139 /* SWCharCell.swift */; };
		491FE7DD1C21F1BA004F8139 /* swtheme.mp3 in Resources */ = {isa = PBXBuildFile; fileRef = 491FE7DC1C21F1BA004F8139 /* swtheme.mp3 */; };
		494B7B671C22DA2D00D8DCFC /* csv.swift in Sources */ = {isa = PBXBuildFile; fileRef = 494B7B661C22DA2D00D8DCFC /* csv.swift */; };
		494B7B6B1C22DE1B00D8DCFC /* Starjedi.ttf in Resources */ = {isa = PBXBuildFile; fileRef = 494B7B6A1C22DE1B00D8DCFC /* Starjedi.ttf */; };
/* End PBXBuildFile section */

/* Begin PBXFileReference section */
		491FE7BF1C21D6CD004F8139 /* starwars-characters.app */ = {isa = PBXFileReference; explicitFileType = wrapper.application; includeInIndex = 0; path = "starwars-characters.app"; sourceTree = BUILT_PRODUCTS_DIR; };
		491FE7C21C21D6CD004F8139 /* AppDelegate.swift */ = {isa = PBXFileReference; lastKnownFileType = sourcecode.swift; path = AppDelegate.swift; sourceTree = "<group>"; };
		491FE7C41C21D6CD004F8139 /* ViewController.swift */ = {isa = PBXFileReference; lastKnownFileType = sourcecode.swift; path = ViewController.swift; sourceTree = "<group>"; };
		491FE7C71C21D6CD004F8139 /* Base */ = {isa = PBXFileReference; lastKnownFileType = file.storyboard; name = Base; path = Base.lproj/Main.storyboard; sourceTree = "<group>"; };
		491FE7C91C21D6CD004F8139 /* Assets.xcassets */ = {isa = PBXFileReference; lastKnownFileType = folder.assetcatalog; path = Assets.xcassets; sourceTree = "<group>"; };
		491FE7CC1C21D6CD004F8139 /* Base */ = {isa = PBXFileReference; lastKnownFileType = file.storyboard; name = Base; path = Base.lproj/LaunchScreen.storyboard; sourceTree = "<group>"; };
		491FE7CE1C21D6CD004F8139 /* Info.plist */ = {isa = PBXFileReference; lastKnownFileType = text.plist.xml; path = Info.plist; sourceTree = "<group>"; };
		491FE7D41C21D83A004F8139 /* starwars.csv */ = {isa = PBXFileReference; fileEncoding = 4; lastKnownFileType = text; path = starwars.csv; sourceTree = "<group>"; };
		491FE7D71C21D93A004F8139 /* StarwarsCharacter.swift */ = {isa = PBXFileReference; fileEncoding = 4; lastKnownFileType = sourcecode.swift; path = StarwarsCharacter.swift; sourceTree = "<group>"; };
		491FE7DA1C21E905004F8139 /* SWCharCell.swift */ = {isa = PBXFileReference; fileEncoding = 4; lastKnownFileType = sourcecode.swift; path = SWCharCell.swift; sourceTree = "<group>"; };
		491FE7DC1C21F1BA004F8139 /* swtheme.mp3 */ = {isa = PBXFileReference; lastKnownFileType = audio.mp3; path = swtheme.mp3; sourceTree = "<group>"; };
		494B7B661C22DA2D00D8DCFC /* csv.swift */ = {isa = PBXFileReference; fileEncoding = 4; lastKnownFileType = sourcecode.swift; path = csv.swift; sourceTree = "<group>"; };
		494B7B6A1C22DE1B00D8DCFC /* Starjedi.ttf */ = {isa = PBXFileReference; lastKnownFileType = file; path = Starjedi.ttf; sourceTree = "<group>"; };
/* End PBXFileReference section */

/* Begin PBXFrameworksBuildPhase section */
		491FE7BC1C21D6CD004F8139 /* Frameworks */ = {
			isa = PBXFrameworksBuildPhase;
			buildActionMask = 2147483647;
			files = (
			);
			runOnlyForDeploymentPostprocessing = 0;
		};
/* End PBXFrameworksBuildPhase section */

/* Begin PBXGroup section */
		491FE7B61C21D6CD004F8139 = {
			isa = PBXGroup;
			children = (
				491FE7C11C21D6CD004F8139 /* starwars-characters */,
				491FE7C01C21D6CD004F8139 /* Products */,
			);
			sourceTree = "<group>";
		};
		491FE7C01C21D6CD004F8139 /* Products */ = {
			isa = PBXGroup;
			children = (
				491FE7BF1C21D6CD004F8139 /* starwars-characters.app */,
			);
			name = Products;
			sourceTree = "<group>";
		};
		491FE7C11C21D6CD004F8139 /* starwars-characters */ = {
			isa = PBXGroup;
			children = (
				491FE7D61C21D91F004F8139 /* Model */,
				491FE7D91C21E8D6004F8139 /* View */,
				494B7B691C22DA8100D8DCFC /* Resources */,
				494B7B681C22DA3300D8DCFC /* Util */,
				491FE7C21C21D6CD004F8139 /* AppDelegate.swift */,
				491FE7C61C21D6CD004F8139 /* Main.storyboard */,
				491FE7C91C21D6CD004F8139 /* Assets.xcassets */,
				491FE7CB1C21D6CD004F8139 /* LaunchScreen.storyboard */,
				491FE7CE1C21D6CD004F8139 /* Info.plist */,
				491FE7DC1C21F1BA004F8139 /* swtheme.mp3 */,
			);
			path = "starwars-characters";
			sourceTree = "<group>";
		};
		491FE7D61C21D91F004F8139 /* Model */ = {
			isa = PBXGroup;
			children = (
				491FE7D71C21D93A004F8139 /* StarwarsCharacter.swift */,
			);
			name = Model;
			sourceTree = "<group>";
		};
		491FE7D91C21E8D6004F8139 /* View */ = {
			isa = PBXGroup;
			children = (
				491FE7DA1C21E905004F8139 /* SWCharCell.swift */,
				491FE7C41C21D6CD004F8139 /* ViewController.swift */,
			);
			name = View;
			sourceTree = "<group>";
		};
		494B7B681C22DA3300D8DCFC /* Util */ = {
			isa = PBXGroup;
			children = (
				494B7B661C22DA2D00D8DCFC /* csv.swift */,
			);
			name = Util;
			sourceTree = "<group>";
		};
		494B7B691C22DA8100D8DCFC /* Resources */ = {
			isa = PBXGroup;
			children = (
				491FE7D41C21D83A004F8139 /* starwars.csv */,
				494B7B6A1C22DE1B00D8DCFC /* Starjedi.ttf */,
			);
			name = Resources;
			sourceTree = "<group>";
		};
/* End PBXGroup section */

/* Begin PBXNativeTarget section */
		491FE7BE1C21D6CD004F8139 /* starwars-characters */ = {
			isa = PBXNativeTarget;
			buildConfigurationList = 491FE7D11C21D6CD004F8139 /* Build configuration list for PBXNativeTarget "starwars-characters" */;
			buildPhases = (
				491FE7BB1C21D6CD004F8139 /* Sources */,
				491FE7BC1C21D6CD004F8139 /* Frameworks */,
				491FE7BD1C21D6CD004F8139 /* Resources */,
			);
			buildRules = (
			);
			dependencies = (
			);
			name = "starwars-characters";
			productName = "starwars-characters";
			productReference = 491FE7BF1C21D6CD004F8139 /* starwars-characters.app */;
			productType = "com.apple.product-type.application";
		};
/* End PBXNativeTarget section */

/* Begin PBXProject section */
		491FE7B71C21D6CD004F8139 /* Project object */ = {
			isa = PBXProject;
			attributes = {
				LastSwiftUpdateCheck = 0720;
				LastUpgradeCheck = 0720;
				ORGANIZATIONNAME = "Nicholson Media";
				TargetAttributes = {
					491FE7BE1C21D6CD004F8139 = {
						CreatedOnToolsVersion = 7.2;
						DevelopmentTeam = GG9KZD9EQE;
					};
				};
			};
			buildConfigurationList = 491FE7BA1C21D6CD004F8139 /* Build configuration list for PBXProject "starwars-characters" */;
			compatibilityVersion = "Xcode 3.2";
			developmentRegion = English;
			hasScannedForEncodings = 0;
			knownRegions = (
				en,
				Base,
			);
			mainGroup = 491FE7B61C21D6CD004F8139;
			productRefGroup = 491FE7C01C21D6CD004F8139 /* Products */;
			projectDirPath = "";
			projectRoot = "";
			targets = (
				491FE7BE1C21D6CD004F8139 /* starwars-characters */,
			);
		};
/* End PBXProject section */

/* Begin PBXResourcesBuildPhase section */
		491FE7BD1C21D6CD004F8139 /* Resources */ = {
			isa = PBXResourcesBuildPhase;
			buildActionMask = 2147483647;
			files = (
				491FE7CD1C21D6CD004F8139 /* LaunchScreen.storyboard in Resources */,
				491FE7D51C21D83A004F8139 /* starwars.csv in Resources */,
				491FE7CA1C21D6CD004F8139 /* Assets.xcassets in Resources */,
				491FE7C81C21D6CD004F8139 /* Main.storyboard in Resources */,
				494B7B6B1C22DE1B00D8DCFC /* Starjedi.ttf in Resources */,
				491FE7DD1C21F1BA004F8139 /* swtheme.mp3 in Resources */,
			);
			runOnlyForDeploymentPostprocessing = 0;
		};
/* End PBXResourcesBuildPhase section */

/* Begin PBXSourcesBuildPhase section */
		491FE7BB1C21D6CD004F8139 /* Sources */ = {
			isa = PBXSourcesBuildPhase;
			buildActionMask = 2147483647;
			files = (
				491FE7D81C21D93A004F8139 /* StarwarsCharacter.swift in Sources */,
				491FE7C51C21D6CD004F8139 /* ViewController.swift in Sources */,
				491FE7DB1C21E905004F8139 /* SWCharCell.swift in Sources */,
				491FE7C31C21D6CD004F8139 /* AppDelegate.swift in Sources */,
				494B7B671C22DA2D00D8DCFC /* csv.swift in Sources */,
			);
			runOnlyForDeploymentPostprocessing = 0;
		};
/* End PBXSourcesBuildPhase section */

/* Begin PBXVariantGroup section */
		491FE7C61C21D6CD004F8139 /* Main.storyboard */ = {
			isa = PBXVariantGroup;
			children = (
				491FE7C71C21D6CD004F8139 /* Base */,
			);
			name = Main.storyboard;
			sourceTree = "<group>";
		};
		491FE7CB1C21D6CD004F8139 /* LaunchScreen.storyboard */ = {
			isa = PBXVariantGroup;
			children = (
				491FE7CC1C21D6CD004F8139 /* Base */,
			);
			name = LaunchScreen.storyboard;
			sourceTree = "<group>";
		};
/* End PBXVariantGroup section */

/* Begin XCBuildConfiguration section */
		491FE7CF1C21D6CD004F8139 /* Debug */ = {
			isa = XCBuildConfiguration;
			buildSettings = {
				ALWAYS_SEARCH_USER_PATHS = NO;
				CLANG_CXX_LANGUAGE_STANDARD = "gnu++0x";
				CLANG_CXX_LIBRARY = "libc++";
				CLANG_ENABLE_MODULES = YES;
				CLANG_ENABLE_OBJC_ARC = YES;
				CLANG_WARN_BOOL_CONVERSION = YES;
				CLANG_WARN_CONSTANT_CONVERSION = YES;
				CLANG_WARN_DIRECT_OBJC_ISA_USAGE = YES_ERROR;
				CLANG_WARN_EMPTY_BODY = YES;
				CLANG_WARN_ENUM_CONVERSION = YES;
				CLANG_WARN_INT_CONVERSION = YES;
				CLANG_WARN_OBJC_ROOT_CLASS = YES_ERROR;
				CLANG_WARN_UNREACHABLE_CODE = YES;
				CLANG_WARN__DUPLICATE_METHOD_MATCH = YES;
				"CODE_SIGN_IDENTITY[sdk=iphoneos*]" = "iPhone Developer";
				COPY_PHASE_STRIP = NO;
				DEBUG_INFORMATION_FORMAT = dwarf;
				ENABLE_STRICT_OBJC_MSGSEND = YES;
				ENABLE_TESTABILITY = YES;
				GCC_C_LANGUAGE_STANDARD = gnu99;
				GCC_DYNAMIC_NO_PIC = NO;
				GCC_NO_COMMON_BLOCKS = YES;
				GCC_OPTIMIZATION_LEVEL = 0;
				GCC_PREPROCESSOR_DEFINITIONS = (
					"DEBUG=1",
					"$(inherited)",
				);
				GCC_WARN_64_TO_32_BIT_CONVERSION = YES;
				GCC_WARN_ABOUT_RETURN_TYPE = YES_ERROR;
				GCC_WARN_UNDECLARED_SELECTOR = YES;
				GCC_WARN_UNINITIALIZED_AUTOS = YES_AGGRESSIVE;
				GCC_WARN_UNUSED_FUNCTION = YES;
				GCC_WARN_UNUSED_VARIABLE = YES;
				IPHONEOS_DEPLOYMENT_TARGET = 9.2;
				MTL_ENABLE_DEBUG_INFO = YES;
				ONLY_ACTIVE_ARCH = YES;
				SDKROOT = iphoneos;
				SWIFT_OPTIMIZATION_LEVEL = "-Onone";
				TARGETED_DEVICE_FAMILY = "1,2";
			};
			name = Debug;
		};
		491FE7D01C21D6CD004F8139 /* Release */ = {
			isa = XCBuildConfiguration;
			buildSettings = {
				ALWAYS_SEARCH_USER_PATHS = NO;
				CLANG_CXX_LANGUAGE_STANDARD = "gnu++0x";
				CLANG_CXX_LIBRARY = "libc++";
				CLANG_ENABLE_MODULES = YES;
				CLANG_ENABLE_OBJC_ARC = YES;
				CLANG_WARN_BOOL_CONVERSION = YES;
				CLANG_WARN_CONSTANT_CONVERSION = YES;
				CLANG_WARN_DIRECT_OBJC_ISA_USAGE = YES_ERROR;
				CLANG_WARN_EMPTY_BODY = YES;
				CLANG_WARN_ENUM_CONVERSION = YES;
				CLANG_WARN_INT_CONVERSION = YES;
				CLANG_WARN_OBJC_ROOT_CLASS = YES_ERROR;
				CLANG_WARN_UNREACHABLE_CODE = YES;
				CLANG_WARN__DUPLICATE_METHOD_MATCH = YES;
				"CODE_SIGN_IDENTITY[sdk=iphoneos*]" = "iPhone Developer";
				COPY_PHASE_STRIP = NO;
				DEBUG_INFORMATION_FORMAT = "dwarf-with-dsym";
				ENABLE_NS_ASSERTIONS = NO;
				ENABLE_STRICT_OBJC_MSGSEND = YES;
				GCC_C_LANGUAGE_STANDARD = gnu99;
				GCC_NO_COMMON_BLOCKS = YES;
				GCC_WARN_64_TO_32_BIT_CONVERSION = YES;
				GCC_WARN_ABOUT_RETURN_TYPE = YES_ERROR;
				GCC_WARN_UNDECLARED_SELECTOR = YES;
				GCC_WARN_UNINITIALIZED_AUTOS = YES_AGGRESSIVE;
				GCC_WARN_UNUSED_FUNCTION = YES;
				GCC_WARN_UNUSED_VARIABLE = YES;
				IPHONEOS_DEPLOYMENT_TARGET = 9.2;
				MTL_ENABLE_DEBUG_INFO = NO;
				SDKROOT = iphoneos;
				TARGETED_DEVICE_FAMILY = "1,2";
				VALIDATE_PRODUCT = YES;
			};
			name = Release;
		};
		491FE7D21C21D6CD004F8139 /* Debug */ = {
			isa = XCBuildConfiguration;
			buildSettings = {
				ASSETCATALOG_COMPILER_APPICON_NAME = AppIcon;
				INFOPLIST_FILE = "starwars-characters/Info.plist";
				LD_RUNPATH_SEARCH_PATHS = "$(inherited) @executable_path/Frameworks";
				PRODUCT_BUNDLE_IDENTIFIER = "co.uk.nicholsonmedia.starwars-characters";
				PRODUCT_NAME = "$(TARGET_NAME)";
			};
			name = Debug;
		};
		491FE7D31C21D6CD004F8139 /* Release */ = {
			isa = XCBuildConfiguration;
			buildSettings = {
				ASSETCATALOG_COMPILER_APPICON_NAME = AppIcon;
				INFOPLIST_FILE = "starwars-characters/Info.plist";
				LD_RUNPATH_SEARCH_PATHS = "$(inherited) @executable_path/Frameworks";
				PRODUCT_BUNDLE_IDENTIFIER = "co.uk.nicholsonmedia.starwars-characters";
				PRODUCT_NAME = "$(TARGET_NAME)";
			};
			name = Release;
		};
/* End XCBuildConfiguration section */

/* Begin XCConfigurationList section */
		491FE7BA1C21D6CD004F8139 /* Build configuration list for PBXProject "starwars-characters" */ = {
			isa = XCConfigurationList;
			buildConfigurations = (
				491FE7CF1C21D6CD004F8139 /* Debug */,
				491FE7D01C21D6CD004F8139 /* Release */,
			);
			defaultConfigurationIsVisible = 0;
			defaultConfigurationName = Release;
		};
		491FE7D11C21D6CD004F8139 /* Build configuration list for PBXNativeTarget "starwars-characters" */ = {
			isa = XCConfigurationList;
			buildConfigurations = (
				491FE7D21C21D6CD004F8139 /* Debug */,
				491FE7D31C21D6CD004F8139 /* Release */,
			);
			defaultConfigurationIsVisible = 0;
			defaultConfigurationName = Release;
		};
/* End XCConfigurationList section */
	};
	rootObject = 491FE7B71C21D6CD004F8139 /* Project object */;
}
